
Microsoft Visual Studio Solution File, Format Version 12.00
# Visual Studio Version 17
VisualStudioVersion = 17.3.32804.467
MinimumVisualStudioVersion = 10.0.40219.1
Project("{FAE04EC0-301F-11D3-BF4B-00C04F79EFBC}") = "KONKURS2", "KONKURS2\KONKURS2.csproj", "{3656E17B-A791-49AC-8194-88F394CA7905}"
EndProject
Global
	GlobalSection(SolutionConfigurationPlatforms) = preSolution
		Debug|Any CPU = Debug|Any CPU
		Release|Any CPU = Release|Any CPU
	EndGlobalSection
	GlobalSection(ProjectConfigurationPlatforms) = postSolution
		{3656E17B-A791-49AC-8194-88F394CA7905}.Debug|Any CPU.ActiveCfg = Debug|Any CPU
		{3656E17B-A791-49AC-8194-88F394CA7905}.Debug|Any CPU.Build.0 = Debug|Any CPU
		{3656E17B-A791-49AC-8194-88F394CA7905}.Release|Any CPU.ActiveCfg = Release|Any CPU
		{3656E17B-A791-49AC-8194-88F394CA7905}.Release|Any CPU.Build.0 = Release|Any CPU
	EndGlobalSection
	GlobalSection(SolutionProperties) = preSolution
		HideSolutionNode = FALSE
	EndGlobalSection
	GlobalSection(ExtensibilityGlobals) = postSolution
		SolutionGuid = {0F35AA4C-5148-417C-B036-C27347AEF9A9}
	EndGlobalSection
EndGlobal
